
Microsoft Visual Studio Solution File, Format Version 12.00
# Visual Studio 2013
VisualStudioVersion = 12.0.30501.0
MinimumVisualStudioVersion = 10.0.40219.1
Project("{8BC9CEB8-8B4A-11D0-8D11-00A0C91BC942}") = "CppReact", "CppReact.vcxproj", "{5E56AAB9-4E33-4B9E-A315-E85CEDB75CF1}"
EndProject
Project("{8BC9CEB8-8B4A-11D0-8D11-00A0C91BC942}") = "CppReactBenchmark", "CppReactBenchmark.vcxproj", "{F9115FB9-61DD-4B3C-BCE8-7D26372B05F7}"
EndProject
Project("{8BC9CEB8-8B4A-11D0-8D11-00A0C91BC942}") = "CppReactTest", "CppReactTest.vcxproj", "{52A9EC67-C6A7-453B-AD65-F027CA07AF44}"
EndProject
Project("{2150E333-8FDC-42A3-9474-1A3956D46DE8}") = "3_Examples", "3_Examples", "{518ACABC-E4A7-4E2D-9A04-FFA669A30DBF}"
EndProject
Project("{2150E333-8FDC-42A3-9474-1A3956D46DE8}") = "1_Core", "1_Core", "{91AFD614-F7E6-48CE-9808-642EAF476B66}"
EndProject
Project("{2150E333-8FDC-42A3-9474-1A3956D46DE8}") = "4_Benchmarks", "4_Benchmarks", "{D6F88FF5-E55C-4E65-ABBB-B4298AB84D40}"
EndProject
Project("{2150E333-8FDC-42A3-9474-1A3956D46DE8}") = "2_Tests", "2_Tests", "{3F97AA87-0A03-4428-94C1-C9B4007C2C80}"
EndProject
Project("{8BC9CEB8-8B4A-11D0-8D11-00A0C91BC942}") = "CppReactExample", "CppReactExample.vcxproj", "{CC0CD982-AE7D-4797-A122-58E6BBE70DDB}"
EndProject
Project("{8BC9CEB8-8B4A-11D0-8D11-00A0C91BC942}") = "Example_BasicAlgorithms", "Example_BasicAlgorithms.vcxproj", "{617019A2-97BE-4A60-8EC4-3547D8C54533}"
EndProject
Project("{8BC9CEB8-8B4A-11D0-8D11-00A0C91BC942}") = "Example_BasicComposition", "Example_BasicComposition.vcxproj", "{D7B70D3B-F14D-4A85-B164-EAB88C358E85}"
EndProject
Project("{8BC9CEB8-8B4A-11D0-8D11-00A0C91BC942}") = "Example_BasicEvents", "Example_BasicEvents.vcxproj", "{BD777649-97F1-4810-BF21-CB27F7672BF4}"
EndProject
Project("{8BC9CEB8-8B4A-11D0-8D11-00A0C91BC942}") = "Example_BasicObservers", "Example_BasicObservers.vcxproj", "{CC66BFA0-D609-46E0-9FD1-F9CC902410B1}"
EndProject
Project("{8BC9CEB8-8B4A-11D0-8D11-00A0C91BC942}") = "Example_BasicReactors", "Example_BasicReactors.vcxproj", "{D976F4D4-B472-4709-BFB5-B1BEEA1F7E96}"
EndProject
Project("{8BC9CEB8-8B4A-11D0-8D11-00A0C91BC942}") = "Example_BasicSignals", "Example_BasicSignals.vcxproj", "{230C9137-CCD0-47E2-8F1F-2E1DD19984A1}"
EndProject
Project("{8BC9CEB8-8B4A-11D0-8D11-00A0C91BC942}") = "Example_BasicSynchronization", "Example_BasicSynchronization.vcxproj", "{269329F8-A9E1-41AC-9C37-3A82A082A62C}"
EndProject
Global
	GlobalSection(SolutionConfigurationPlatforms) = preSolution
		Debug|Win32 = Debug|Win32
		Debug|x64 = Debug|x64
		Release|Win32 = Release|Win32
		Release|x64 = Release|x64
	EndGlobalSection
	GlobalSection(ProjectConfigurationPlatforms) = postSolution
		{5E56AAB9-4E33-4B9E-A315-E85CEDB75CF1}.Debug|Win32.ActiveCfg = Debug|Win32
		{5E56AAB9-4E33-4B9E-A315-E85CEDB75CF1}.Debug|Win32.Build.0 = Debug|Win32
		{5E56AAB9-4E33-4B9E-A315-E85CEDB75CF1}.Debug|x64.ActiveCfg = Debug|x64
		{5E56AAB9-4E33-4B9E-A315-E85CEDB75CF1}.Debug|x64.Build.0 = Debug|x64
		{5E56AAB9-4E33-4B9E-A315-E85CEDB75CF1}.Release|Win32.ActiveCfg = Release|Win32
		{5E56AAB9-4E33-4B9E-A315-E85CEDB75CF1}.Release|Win32.Build.0 = Release|Win32
		{5E56AAB9-4E33-4B9E-A315-E85CEDB75CF1}.Release|x64.ActiveCfg = Release|x64
		{5E56AAB9-4E33-4B9E-A315-E85CEDB75CF1}.Release|x64.Build.0 = Release|x64
		{F9115FB9-61DD-4B3C-BCE8-7D26372B05F7}.Debug|Win32.ActiveCfg = Debug|Win32
		{F9115FB9-61DD-4B3C-BCE8-7D26372B05F7}.Debug|Win32.Build.0 = Debug|Win32
		{F9115FB9-61DD-4B3C-BCE8-7D26372B05F7}.Debug|x64.ActiveCfg = Debug|x64
		{F9115FB9-61DD-4B3C-BCE8-7D26372B05F7}.Debug|x64.Build.0 = Debug|x64
		{F9115FB9-61DD-4B3C-BCE8-7D26372B05F7}.Release|Win32.ActiveCfg = Release|Win32
		{F9115FB9-61DD-4B3C-BCE8-7D26372B05F7}.Release|Win32.Build.0 = Release|Win32
		{F9115FB9-61DD-4B3C-BCE8-7D26372B05F7}.Release|x64.ActiveCfg = Release|x64
		{F9115FB9-61DD-4B3C-BCE8-7D26372B05F7}.Release|x64.Build.0 = Release|x64
		{52A9EC67-C6A7-453B-AD65-F027CA07AF44}.Debug|Win32.ActiveCfg = Debug|Win32
		{52A9EC67-C6A7-453B-AD65-F027CA07AF44}.Debug|Win32.Build.0 = Debug|Win32
		{52A9EC67-C6A7-453B-AD65-F027CA07AF44}.Debug|x64.ActiveCfg = Debug|x64
		{52A9EC67-C6A7-453B-AD65-F027CA07AF44}.Debug|x64.Build.0 = Debug|x64
		{52A9EC67-C6A7-453B-AD65-F027CA07AF44}.Release|Win32.ActiveCfg = Release|Win32
		{52A9EC67-C6A7-453B-AD65-F027CA07AF44}.Release|Win32.Build.0 = Release|Win32
		{52A9EC67-C6A7-453B-AD65-F027CA07AF44}.Release|x64.ActiveCfg = Release|x64
		{52A9EC67-C6A7-453B-AD65-F027CA07AF44}.Release|x64.Build.0 = Release|x64
		{CC0CD982-AE7D-4797-A122-58E6BBE70DDB}.Debug|Win32.ActiveCfg = Debug|Win32
		{CC0CD982-AE7D-4797-A122-58E6BBE70DDB}.Debug|Win32.Build.0 = Debug|Win32
		{CC0CD982-AE7D-4797-A122-58E6BBE70DDB}.Debug|x64.ActiveCfg = Debug|x64
		{CC0CD982-AE7D-4797-A122-58E6BBE70DDB}.Debug|x64.Build.0 = Debug|x64
		{CC0CD982-AE7D-4797-A122-58E6BBE70DDB}.Release|Win32.ActiveCfg = Release|Win32
		{CC0CD982-AE7D-4797-A122-58E6BBE70DDB}.Release|Win32.Build.0 = Release|Win32
		{CC0CD982-AE7D-4797-A122-58E6BBE70DDB}.Release|x64.ActiveCfg = Release|x64
		{CC0CD982-AE7D-4797-A122-58E6BBE70DDB}.Release|x64.Build.0 = Release|x64
		{617019A2-97BE-4A60-8EC4-3547D8C54533}.Debug|Win32.ActiveCfg = Debug|Win32
		{617019A2-97BE-4A60-8EC4-3547D8C54533}.Debug|Win32.Build.0 = Debug|Win32
		{617019A2-97BE-4A60-8EC4-3547D8C54533}.Debug|x64.ActiveCfg = Debug|x64
		{617019A2-97BE-4A60-8EC4-3547D8C54533}.Debug|x64.Build.0 = Debug|x64
		{617019A2-97BE-4A60-8EC4-3547D8C54533}.Release|Win32.ActiveCfg = Release|Win32
		{617019A2-97BE-4A60-8EC4-3547D8C54533}.Release|Win32.Build.0 = Release|Win32
		{617019A2-97BE-4A60-8EC4-3547D8C54533}.Release|x64.ActiveCfg = Release|x64
		{617019A2-97BE-4A60-8EC4-3547D8C54533}.Release|x64.Build.0 = Release|x64
		{D7B70D3B-F14D-4A85-B164-EAB88C358E85}.Debug|Win32.ActiveCfg = Debug|Win32
		{D7B70D3B-F14D-4A85-B164-EAB88C358E85}.Debug|Win32.Build.0 = Debug|Win32
		{D7B70D3B-F14D-4A85-B164-EAB88C358E85}.Debug|x64.ActiveCfg = Debug|x64
		{D7B70D3B-F14D-4A85-B164-EAB88C358E85}.Debug|x64.Build.0 = Debug|x64
		{D7B70D3B-F14D-4A85-B164-EAB88C358E85}.Release|Win32.ActiveCfg = Release|Win32
		{D7B70D3B-F14D-4A85-B164-EAB88C358E85}.Release|Win32.Build.0 = Release|Win32
		{D7B70D3B-F14D-4A85-B164-EAB88C358E85}.Release|x64.ActiveCfg = Release|x64
		{D7B70D3B-F14D-4A85-B164-EAB88C358E85}.Release|x64.Build.0 = Release|x64
		{BD777649-97F1-4810-BF21-CB27F7672BF4}.Debug|Win32.ActiveCfg = Debug|Win32
		{BD777649-97F1-4810-BF21-CB27F7672BF4}.Debug|Win32.Build.0 = Debug|Win32
		{BD777649-97F1-4810-BF21-CB27F7672BF4}.Debug|x64.ActiveCfg = Debug|x64
		{BD777649-97F1-4810-BF21-CB27F7672BF4}.Debug|x64.Build.0 = Debug|x64
		{BD777649-97F1-4810-BF21-CB27F7672BF4}.Release|Win32.ActiveCfg = Release|Win32
		{BD777649-97F1-4810-BF21-CB27F7672BF4}.Release|Win32.Build.0 = Release|Win32
		{BD777649-97F1-4810-BF21-CB27F7672BF4}.Release|x64.ActiveCfg = Release|x64
		{BD777649-97F1-4810-BF21-CB27F7672BF4}.Release|x64.Build.0 = Release|x64
		{CC66BFA0-D609-46E0-9FD1-F9CC902410B1}.Debug|Win32.ActiveCfg = Debug|Win32
		{CC66BFA0-D609-46E0-9FD1-F9CC902410B1}.Debug|Win32.Build.0 = Debug|Win32
		{CC66BFA0-D609-46E0-9FD1-F9CC902410B1}.Debug|x64.ActiveCfg = Debug|x64
		{CC66BFA0-D609-46E0-9FD1-F9CC902410B1}.Debug|x64.Build.0 = Debug|x64
		{CC66BFA0-D609-46E0-9FD1-F9CC902410B1}.Release|Win32.ActiveCfg = Release|Win32
		{CC66BFA0-D609-46E0-9FD1-F9CC902410B1}.Release|Win32.Build.0 = Release|Win32
		{CC66BFA0-D609-46E0-9FD1-F9CC902410B1}.Release|x64.ActiveCfg = Release|x64
		{CC66BFA0-D609-46E0-9FD1-F9CC902410B1}.Release|x64.Build.0 = Release|x64
		{D976F4D4-B472-4709-BFB5-B1BEEA1F7E96}.Debug|Win32.ActiveCfg = Debug|Win32
		{D976F4D4-B472-4709-BFB5-B1BEEA1F7E96}.Debug|Win32.Build.0 = Debug|Win32
		{D976F4D4-B472-4709-BFB5-B1BEEA1F7E96}.Debug|x64.ActiveCfg = Debug|x64
		{D976F4D4-B472-4709-BFB5-B1BEEA1F7E96}.Debug|x64.Build.0 = Debug|x64
		{D976F4D4-B472-4709-BFB5-B1BEEA1F7E96}.Release|Win32.ActiveCfg = Release|Win32
		{D976F4D4-B472-4709-BFB5-B1BEEA1F7E96}.Release|Win32.Build.0 = Release|Win32
		{D976F4D4-B472-4709-BFB5-B1BEEA1F7E96}.Release|x64.ActiveCfg = Release|x64
		{D976F4D4-B472-4709-BFB5-B1BEEA1F7E96}.Release|x64.Build.0 = Release|x64
		{230C9137-CCD0-47E2-8F1F-2E1DD19984A1}.Debug|Win32.ActiveCfg = Debug|Win32
		{230C9137-CCD0-47E2-8F1F-2E1DD19984A1}.Debug|Win32.Build.0 = Debug|Win32
		{230C9137-CCD0-47E2-8F1F-2E1DD19984A1}.Debug|x64.ActiveCfg = Debug|x64
		{230C9137-CCD0-47E2-8F1F-2E1DD19984A1}.Debug|x64.Build.0 = Debug|x64
		{230C9137-CCD0-47E2-8F1F-2E1DD19984A1}.Release|Win32.ActiveCfg = Release|Win32
		{230C9137-CCD0-47E2-8F1F-2E1DD19984A1}.Release|Win32.Build.0 = Release|Win32
		{230C9137-CCD0-47E2-8F1F-2E1DD19984A1}.Release|x64.ActiveCfg = Release|x64
		{230C9137-CCD0-47E2-8F1F-2E1DD19984A1}.Release|x64.Build.0 = Release|x64
		{269329F8-A9E1-41AC-9C37-3A82A082A62C}.Debug|Win32.ActiveCfg = Debug|Win32
		{269329F8-A9E1-41AC-9C37-3A82A082A62C}.Debug|Win32.Build.0 = Debug|Win32
		{269329F8-A9E1-41AC-9C37-3A82A082A62C}.Debug|x64.ActiveCfg = Debug|x64
		{269329F8-A9E1-41AC-9C37-3A82A082A62C}.Debug|x64.Build.0 = Debug|x64
		{269329F8-A9E1-41AC-9C37-3A82A082A62C}.Release|Win32.ActiveCfg = Release|Win32
		{269329F8-A9E1-41AC-9C37-3A82A082A62C}.Release|Win32.Build.0 = Release|Win32
		{269329F8-A9E1-41AC-9C37-3A82A082A62C}.Release|x64.ActiveCfg = Release|x64
		{269329F8-A9E1-41AC-9C37-3A82A082A62C}.Release|x64.Build.0 = Release|x64
	EndGlobalSection
	GlobalSection(SolutionProperties) = preSolution
		HideSolutionNode = FALSE
	EndGlobalSection
	GlobalSection(NestedProjects) = preSolution
		{5E56AAB9-4E33-4B9E-A315-E85CEDB75CF1} = {91AFD614-F7E6-48CE-9808-642EAF476B66}
		{F9115FB9-61DD-4B3C-BCE8-7D26372B05F7} = {D6F88FF5-E55C-4E65-ABBB-B4298AB84D40}
		{52A9EC67-C6A7-453B-AD65-F027CA07AF44} = {3F97AA87-0A03-4428-94C1-C9B4007C2C80}
		{CC0CD982-AE7D-4797-A122-58E6BBE70DDB} = {518ACABC-E4A7-4E2D-9A04-FFA669A30DBF}
		{617019A2-97BE-4A60-8EC4-3547D8C54533} = {518ACABC-E4A7-4E2D-9A04-FFA669A30DBF}
		{D7B70D3B-F14D-4A85-B164-EAB88C358E85} = {518ACABC-E4A7-4E2D-9A04-FFA669A30DBF}
		{BD777649-97F1-4810-BF21-CB27F7672BF4} = {518ACABC-E4A7-4E2D-9A04-FFA669A30DBF}
		{CC66BFA0-D609-46E0-9FD1-F9CC902410B1} = {518ACABC-E4A7-4E2D-9A04-FFA669A30DBF}
		{D976F4D4-B472-4709-BFB5-B1BEEA1F7E96} = {518ACABC-E4A7-4E2D-9A04-FFA669A30DBF}
		{230C9137-CCD0-47E2-8F1F-2E1DD19984A1} = {518ACABC-E4A7-4E2D-9A04-FFA669A30DBF}
		{269329F8-A9E1-41AC-9C37-3A82A082A62C} = {518ACABC-E4A7-4E2D-9A04-FFA669A30DBF}
	EndGlobalSection
EndGlobal
